
Microsoft Visual Studio Solution File, Format Version 12.00
# Visual Studio Version 17
VisualStudioVersion = 17.9.34723.18
MinimumVisualStudioVersion = 10.0.40219.1
Project("{FAE04EC0-301F-11D3-BF4B-00C04F79EFBC}") = "Pasta Pişirme Süreç Uygulaması", "Pasta Pişirme Süreç Uygulaması\Pasta Pişirme Süreç Uygulaması.csproj", "{F1D377BA-CAB8-48ED-A6CA-C4A9579E3F27}"
EndProject
Global
	GlobalSection(SolutionConfigurationPlatforms) = preSolution
		Debug|Any CPU = Debug|Any CPU
		Release|Any CPU = Release|Any CPU
	EndGlobalSection
	GlobalSection(ProjectConfigurationPlatforms) = postSolution
		{F1D377BA-CAB8-48ED-A6CA-C4A9579E3F27}.Debug|Any CPU.ActiveCfg = Debug|Any CPU
		{F1D377BA-CAB8-48ED-A6CA-C4A9579E3F27}.Debug|Any CPU.Build.0 = Debug|Any CPU
		{F1D377BA-CAB8-48ED-A6CA-C4A9579E3F27}.Release|Any CPU.ActiveCfg = Release|Any CPU
		{F1D377BA-CAB8-48ED-A6CA-C4A9579E3F27}.Release|Any CPU.Build.0 = Release|Any CPU
	EndGlobalSection
	GlobalSection(SolutionProperties) = preSolution
		HideSolutionNode = FALSE
	EndGlobalSection
	GlobalSection(ExtensibilityGlobals) = postSolution
		SolutionGuid = {67F4AB6C-DE00-47B9-9E00-A449CC243B63}
	EndGlobalSection
EndGlobal
